// !$*UTF8*$!
{
	archiveVersion = 1;
	classes = {
	};
	objectVersion = 48;
	objects = {

/* Begin PBXBuildFile section */
		26C6C3649FDBA57416E59880 /* Pods_JobsUITests.framework in Frameworks */ = {isa = PBXBuildFile; fileRef = 101216836C971A4EA8D2B9D5 /* Pods_JobsUITests.framework */; };
		521E86B61FE8288B00855D34 /* GoogleSignInService.swift in Sources */ = {isa = PBXBuildFile; fileRef = 521E86B51FE8288B00855D34 /* GoogleSignInService.swift */; };
		521E86B91FE82D0500855D34 /* NSNotification.Name.swift in Sources */ = {isa = PBXBuildFile; fileRef = 521E86B81FE82D0500855D34 /* NSNotification.Name.swift */; };
		522873351FEDA1B600A83401 /* JobSearchViewController.swift in Sources */ = {isa = PBXBuildFile; fileRef = 522873341FEDA1B600A83401 /* JobSearchViewController.swift */; };
		527E7E1D2003D76900B44C29 /* hr.storyboard in Resources */ = {isa = PBXBuildFile; fileRef = 527E7E1C2003D76900B44C29 /* hr.storyboard */; };
		52A7CCA21FB9F855000C65E4 /* AppDelegate.swift in Sources */ = {isa = PBXBuildFile; fileRef = 52A7CCA11FB9F855000C65E4 /* AppDelegate.swift */; };
		52A7CCA41FB9F855000C65E4 /* FirstViewController.swift in Sources */ = {isa = PBXBuildFile; fileRef = 52A7CCA31FB9F855000C65E4 /* FirstViewController.swift */; };
		52A7CCA61FB9F855000C65E4 /* ProfileViewController.swift in Sources */ = {isa = PBXBuildFile; fileRef = 52A7CCA51FB9F855000C65E4 /* ProfileViewController.swift */; };
		52A7CCA91FB9F855000C65E4 /* Main.storyboard in Resources */ = {isa = PBXBuildFile; fileRef = 52A7CCA71FB9F855000C65E4 /* Main.storyboard */; };
		52A7CCAB1FB9F855000C65E4 /* Assets.xcassets in Resources */ = {isa = PBXBuildFile; fileRef = 52A7CCAA1FB9F855000C65E4 /* Assets.xcassets */; };
		52A7CCAE1FB9F855000C65E4 /* LaunchScreen.storyboard in Resources */ = {isa = PBXBuildFile; fileRef = 52A7CCAC1FB9F855000C65E4 /* LaunchScreen.storyboard */; };
		52A7CCB91FB9F855000C65E4 /* JobsTests.swift in Sources */ = {isa = PBXBuildFile; fileRef = 52A7CCB81FB9F855000C65E4 /* JobsTests.swift */; };
		52A7CCC41FB9F855000C65E4 /* JobsUITests.swift in Sources */ = {isa = PBXBuildFile; fileRef = 52A7CCC31FB9F855000C65E4 /* JobsUITests.swift */; };
		52ADD3F11FE9B39D002B8840 /* KeychainManager.swift in Sources */ = {isa = PBXBuildFile; fileRef = 52ADD3F01FE9B39D002B8840 /* KeychainManager.swift */; };
		52ADD3F31FE9B7E2002B8840 /* CurrentUser.swift in Sources */ = {isa = PBXBuildFile; fileRef = 52ADD3F21FE9B7E2002B8840 /* CurrentUser.swift */; };
		52C3C4801FC3301F007DF5A5 /* User.swift in Sources */ = {isa = PBXBuildFile; fileRef = 52C3C47F1FC3301F007DF5A5 /* User.swift */; };
		52C3C4821FC332F8007DF5A5 /* Job.swift in Sources */ = {isa = PBXBuildFile; fileRef = 52C3C4811FC332F8007DF5A5 /* Job.swift */; };
		52C3C4841FC337A2007DF5A5 /* Application.swift in Sources */ = {isa = PBXBuildFile; fileRef = 52C3C4831FC337A2007DF5A5 /* Application.swift */; };
		52C3C4861FC33BE8007DF5A5 /* LoginController.swift in Sources */ = {isa = PBXBuildFile; fileRef = 52C3C4851FC33BE8007DF5A5 /* LoginController.swift */; };
		6B13620D200AC84A004467D7 /* ApplicantsController.swift in Sources */ = {isa = PBXBuildFile; fileRef = 6B13620C200AC84A004467D7 /* ApplicantsController.swift */; };
		6B13620F200BD19B004467D7 /* ApplicantsLogic.swift in Sources */ = {isa = PBXBuildFile; fileRef = 6B13620E200BD19B004467D7 /* ApplicantsLogic.swift */; };
		6B136211200BD23F004467D7 /* ApplicantDto.swift in Sources */ = {isa = PBXBuildFile; fileRef = 6B136210200BD23F004467D7 /* ApplicantDto.swift */; };
		6B136213200BD849004467D7 /* CandidateProgressController.swift in Sources */ = {isa = PBXBuildFile; fileRef = 6B136212200BD849004467D7 /* CandidateProgressController.swift */; };
		6B2640092005732600EF7B25 /* JobsCreatedController.swift in Sources */ = {isa = PBXBuildFile; fileRef = 6B2640082005732500EF7B25 /* JobsCreatedController.swift */; };
		6B28A011200A9981009C3584 /* NewJobCreationController.swift in Sources */ = {isa = PBXBuildFile; fileRef = 6B28A010200A9981009C3584 /* NewJobCreationController.swift */; };
		6B49D368200C239400D203B7 /* CandidateProgressLogic.swift in Sources */ = {isa = PBXBuildFile; fileRef = 6B49D367200C239400D203B7 /* CandidateProgressLogic.swift */; };
		6B49D36A200C24DB00D203B7 /* MilestoneDto.swift in Sources */ = {isa = PBXBuildFile; fileRef = 6B49D369200C24DB00D203B7 /* MilestoneDto.swift */; };
		6BA3E3E42003DD1E00DF215B /* GoogleService-Info.plist in Resources */ = {isa = PBXBuildFile; fileRef = 6BA3E3E32003DD1E00DF215B /* GoogleService-Info.plist */; };
		6BE88B2E2003EC9200A7C499 /* JobsCreatedLogic.swift in Sources */ = {isa = PBXBuildFile; fileRef = 6BE88B2D2003EC9200A7C499 /* JobsCreatedLogic.swift */; };
		6BE88B302003EEE800A7C499 /* JobCreatedDto.swift in Sources */ = {isa = PBXBuildFile; fileRef = 6BE88B2F2003EEE800A7C499 /* JobCreatedDto.swift */; };
		7F17A020B390B84AFCFDF847 /* Pods_Jobs.framework in Frameworks */ = {isa = PBXBuildFile; fileRef = 503E68B1BD2F2D2FB8356EA6 /* Pods_Jobs.framework */; };
		F01679FE0E926AC6CB7011D9 /* Pods_JobsTests.framework in Frameworks */ = {isa = PBXBuildFile; fileRef = 4804B51661032C5FC44ECCEF /* Pods_JobsTests.framework */; };
/* End PBXBuildFile section */

/* Begin PBXContainerItemProxy section */
		52A7CCB51FB9F855000C65E4 /* PBXContainerItemProxy */ = {
			isa = PBXContainerItemProxy;
			containerPortal = 52A7CC961FB9F855000C65E4 /* Project object */;
			proxyType = 1;
			remoteGlobalIDString = 52A7CC9D1FB9F855000C65E4;
			remoteInfo = Jobs;
		};
		52A7CCC01FB9F855000C65E4 /* PBXContainerItemProxy */ = {
			isa = PBXContainerItemProxy;
			containerPortal = 52A7CC961FB9F855000C65E4 /* Project object */;
			proxyType = 1;
			remoteGlobalIDString = 52A7CC9D1FB9F855000C65E4;
			remoteInfo = Jobs;
		};
/* End PBXContainerItemProxy section */

/* Begin PBXFileReference section */
		101216836C971A4EA8D2B9D5 /* Pods_JobsUITests.framework */ = {isa = PBXFileReference; explicitFileType = wrapper.framework; includeInIndex = 0; path = Pods_JobsUITests.framework; sourceTree = BUILT_PRODUCTS_DIR; };
		4804B51661032C5FC44ECCEF /* Pods_JobsTests.framework */ = {isa = PBXFileReference; explicitFileType = wrapper.framework; includeInIndex = 0; path = Pods_JobsTests.framework; sourceTree = BUILT_PRODUCTS_DIR; };
		503E68B1BD2F2D2FB8356EA6 /* Pods_Jobs.framework */ = {isa = PBXFileReference; explicitFileType = wrapper.framework; includeInIndex = 0; path = Pods_Jobs.framework; sourceTree = BUILT_PRODUCTS_DIR; };
		521E86B51FE8288B00855D34 /* GoogleSignInService.swift */ = {isa = PBXFileReference; lastKnownFileType = sourcecode.swift; path = GoogleSignInService.swift; sourceTree = "<group>"; };
		521E86B81FE82D0500855D34 /* NSNotification.Name.swift */ = {isa = PBXFileReference; lastKnownFileType = sourcecode.swift; path = NSNotification.Name.swift; sourceTree = "<group>"; };
		522873341FEDA1B600A83401 /* JobSearchViewController.swift */ = {isa = PBXFileReference; lastKnownFileType = sourcecode.swift; path = JobSearchViewController.swift; sourceTree = "<group>"; };
		527E7E1C2003D76900B44C29 /* hr.storyboard */ = {isa = PBXFileReference; lastKnownFileType = file.storyboard; path = hr.storyboard; sourceTree = "<group>"; };
		52A7CC9E1FB9F855000C65E4 /* Jobs.app */ = {isa = PBXFileReference; explicitFileType = wrapper.application; includeInIndex = 0; path = Jobs.app; sourceTree = BUILT_PRODUCTS_DIR; };
		52A7CCA11FB9F855000C65E4 /* AppDelegate.swift */ = {isa = PBXFileReference; lastKnownFileType = sourcecode.swift; path = AppDelegate.swift; sourceTree = "<group>"; };
		52A7CCA31FB9F855000C65E4 /* FirstViewController.swift */ = {isa = PBXFileReference; lastKnownFileType = sourcecode.swift; path = FirstViewController.swift; sourceTree = "<group>"; };
		52A7CCA51FB9F855000C65E4 /* ProfileViewController.swift */ = {isa = PBXFileReference; lastKnownFileType = sourcecode.swift; path = ProfileViewController.swift; sourceTree = "<group>"; };
		52A7CCA81FB9F855000C65E4 /* Base */ = {isa = PBXFileReference; lastKnownFileType = file.storyboard; name = Base; path = Base.lproj/Main.storyboard; sourceTree = "<group>"; };
		52A7CCAA1FB9F855000C65E4 /* Assets.xcassets */ = {isa = PBXFileReference; lastKnownFileType = folder.assetcatalog; path = Assets.xcassets; sourceTree = "<group>"; };
		52A7CCAD1FB9F855000C65E4 /* Base */ = {isa = PBXFileReference; lastKnownFileType = file.storyboard; name = Base; path = Base.lproj/LaunchScreen.storyboard; sourceTree = "<group>"; };
		52A7CCAF1FB9F855000C65E4 /* Info.plist */ = {isa = PBXFileReference; lastKnownFileType = text.plist.xml; path = Info.plist; sourceTree = "<group>"; };
		52A7CCB41FB9F855000C65E4 /* JobsTests.xctest */ = {isa = PBXFileReference; explicitFileType = wrapper.cfbundle; includeInIndex = 0; path = JobsTests.xctest; sourceTree = BUILT_PRODUCTS_DIR; };
		52A7CCB81FB9F855000C65E4 /* JobsTests.swift */ = {isa = PBXFileReference; lastKnownFileType = sourcecode.swift; path = JobsTests.swift; sourceTree = "<group>"; };
		52A7CCBA1FB9F855000C65E4 /* Info.plist */ = {isa = PBXFileReference; lastKnownFileType = text.plist.xml; path = Info.plist; sourceTree = "<group>"; };
		52A7CCBF1FB9F855000C65E4 /* JobsUITests.xctest */ = {isa = PBXFileReference; explicitFileType = wrapper.cfbundle; includeInIndex = 0; path = JobsUITests.xctest; sourceTree = BUILT_PRODUCTS_DIR; };
		52A7CCC31FB9F855000C65E4 /* JobsUITests.swift */ = {isa = PBXFileReference; lastKnownFileType = sourcecode.swift; path = JobsUITests.swift; sourceTree = "<group>"; };
		52A7CCC51FB9F855000C65E4 /* Info.plist */ = {isa = PBXFileReference; lastKnownFileType = text.plist.xml; path = Info.plist; sourceTree = "<group>"; };
		52ADD3F01FE9B39D002B8840 /* KeychainManager.swift */ = {isa = PBXFileReference; lastKnownFileType = sourcecode.swift; path = KeychainManager.swift; sourceTree = "<group>"; };
		52ADD3F21FE9B7E2002B8840 /* CurrentUser.swift */ = {isa = PBXFileReference; lastKnownFileType = sourcecode.swift; path = CurrentUser.swift; sourceTree = "<group>"; };
		52C3C47F1FC3301F007DF5A5 /* User.swift */ = {isa = PBXFileReference; lastKnownFileType = sourcecode.swift; path = User.swift; sourceTree = "<group>"; };
		52C3C4811FC332F8007DF5A5 /* Job.swift */ = {isa = PBXFileReference; lastKnownFileType = sourcecode.swift; path = Job.swift; sourceTree = "<group>"; };
		52C3C4831FC337A2007DF5A5 /* Application.swift */ = {isa = PBXFileReference; lastKnownFileType = sourcecode.swift; path = Application.swift; sourceTree = "<group>"; };
		52C3C4851FC33BE8007DF5A5 /* LoginController.swift */ = {isa = PBXFileReference; lastKnownFileType = sourcecode.swift; path = LoginController.swift; sourceTree = "<group>"; };
		6B13620C200AC84A004467D7 /* ApplicantsController.swift */ = {isa = PBXFileReference; lastKnownFileType = sourcecode.swift; path = ApplicantsController.swift; sourceTree = "<group>"; };
		6B13620E200BD19B004467D7 /* ApplicantsLogic.swift */ = {isa = PBXFileReference; lastKnownFileType = sourcecode.swift; path = ApplicantsLogic.swift; sourceTree = "<group>"; };
		6B136210200BD23F004467D7 /* ApplicantDto.swift */ = {isa = PBXFileReference; lastKnownFileType = sourcecode.swift; path = ApplicantDto.swift; sourceTree = "<group>"; };
		6B136212200BD849004467D7 /* CandidateProgressController.swift */ = {isa = PBXFileReference; lastKnownFileType = sourcecode.swift; path = CandidateProgressController.swift; sourceTree = "<group>"; };
		6B2640082005732500EF7B25 /* JobsCreatedController.swift */ = {isa = PBXFileReference; fileEncoding = 4; lastKnownFileType = sourcecode.swift; path = JobsCreatedController.swift; sourceTree = "<group>"; };
		6B28A010200A9981009C3584 /* NewJobCreationController.swift */ = {isa = PBXFileReference; lastKnownFileType = sourcecode.swift; path = NewJobCreationController.swift; sourceTree = "<group>"; };
		6B49D367200C239400D203B7 /* CandidateProgressLogic.swift */ = {isa = PBXFileReference; lastKnownFileType = sourcecode.swift; path = CandidateProgressLogic.swift; sourceTree = "<group>"; };
		6B49D369200C24DB00D203B7 /* MilestoneDto.swift */ = {isa = PBXFileReference; lastKnownFileType = sourcecode.swift; path = MilestoneDto.swift; sourceTree = "<group>"; };
		6BA3E3E32003DD1E00DF215B /* GoogleService-Info.plist */ = {isa = PBXFileReference; fileEncoding = 4; lastKnownFileType = text.plist.xml; name = "GoogleService-Info.plist"; path = "Jobs/GoogleService-Info.plist"; sourceTree = "<group>"; };
		6BE88B2D2003EC9200A7C499 /* JobsCreatedLogic.swift */ = {isa = PBXFileReference; lastKnownFileType = sourcecode.swift; path = JobsCreatedLogic.swift; sourceTree = "<group>"; };
		6BE88B2F2003EEE800A7C499 /* JobCreatedDto.swift */ = {isa = PBXFileReference; lastKnownFileType = sourcecode.swift; path = JobCreatedDto.swift; sourceTree = "<group>"; };
		77FE585C0317176EE9A3529D /* Pods-JobsTests.release.xcconfig */ = {isa = PBXFileReference; includeInIndex = 1; lastKnownFileType = text.xcconfig; name = "Pods-JobsTests.release.xcconfig"; path = "Pods/Target Support Files/Pods-JobsTests/Pods-JobsTests.release.xcconfig"; sourceTree = "<group>"; };
		84EFA2E36E2DD13764F35173 /* Pods-Jobs.release.xcconfig */ = {isa = PBXFileReference; includeInIndex = 1; lastKnownFileType = text.xcconfig; name = "Pods-Jobs.release.xcconfig"; path = "Pods/Target Support Files/Pods-Jobs/Pods-Jobs.release.xcconfig"; sourceTree = "<group>"; };
		B3EDD7D3287661EF73A160B6 /* Pods-JobsTests.debug.xcconfig */ = {isa = PBXFileReference; includeInIndex = 1; lastKnownFileType = text.xcconfig; name = "Pods-JobsTests.debug.xcconfig"; path = "Pods/Target Support Files/Pods-JobsTests/Pods-JobsTests.debug.xcconfig"; sourceTree = "<group>"; };
		CCC56EA1F06A963643631F47 /* Pods-JobsUITests.debug.xcconfig */ = {isa = PBXFileReference; includeInIndex = 1; lastKnownFileType = text.xcconfig; name = "Pods-JobsUITests.debug.xcconfig"; path = "Pods/Target Support Files/Pods-JobsUITests/Pods-JobsUITests.debug.xcconfig"; sourceTree = "<group>"; };
		EE34D29FE12DA44C851FDA8E /* Pods-JobsUITests.release.xcconfig */ = {isa = PBXFileReference; includeInIndex = 1; lastKnownFileType = text.xcconfig; name = "Pods-JobsUITests.release.xcconfig"; path = "Pods/Target Support Files/Pods-JobsUITests/Pods-JobsUITests.release.xcconfig"; sourceTree = "<group>"; };
		F55DDEC06F61FD404579F5DA /* Pods-Jobs.debug.xcconfig */ = {isa = PBXFileReference; includeInIndex = 1; lastKnownFileType = text.xcconfig; name = "Pods-Jobs.debug.xcconfig"; path = "Pods/Target Support Files/Pods-Jobs/Pods-Jobs.debug.xcconfig"; sourceTree = "<group>"; };
/* End PBXFileReference section */

/* Begin PBXFrameworksBuildPhase section */
		52A7CC9B1FB9F855000C65E4 /* Frameworks */ = {
			isa = PBXFrameworksBuildPhase;
			buildActionMask = 2147483647;
			files = (
				7F17A020B390B84AFCFDF847 /* Pods_Jobs.framework in Frameworks */,
			);
			runOnlyForDeploymentPostprocessing = 0;
		};
		52A7CCB11FB9F855000C65E4 /* Frameworks */ = {
			isa = PBXFrameworksBuildPhase;
			buildActionMask = 2147483647;
			files = (
				F01679FE0E926AC6CB7011D9 /* Pods_JobsTests.framework in Frameworks */,
			);
			runOnlyForDeploymentPostprocessing = 0;
		};
		52A7CCBC1FB9F855000C65E4 /* Frameworks */ = {
			isa = PBXFrameworksBuildPhase;
			buildActionMask = 2147483647;
			files = (
				26C6C3649FDBA57416E59880 /* Pods_JobsUITests.framework in Frameworks */,
			);
			runOnlyForDeploymentPostprocessing = 0;
		};
/* End PBXFrameworksBuildPhase section */

/* Begin PBXGroup section */
		521E86B41FE8287100855D34 /* Logic */ = {
			isa = PBXGroup;
			children = (
				6BE88B2C2003EC5100A7C499 /* humanResources */,
				521E86B51FE8288B00855D34 /* GoogleSignInService.swift */,
			);
			path = Logic;
			sourceTree = "<group>";
		};
		521E86B71FE82CD500855D34 /* Constants */ = {
			isa = PBXGroup;
			children = (
				521E86B81FE82D0500855D34 /* NSNotification.Name.swift */,
			);
			path = Constants;
			sourceTree = "<group>";
		};
		522873331FEDA17800A83401 /* JobSearch */ = {
			isa = PBXGroup;
			children = (
				522873341FEDA1B600A83401 /* JobSearchViewController.swift */,
			);
			path = JobSearch;
			sourceTree = "<group>";
		};
		526A19281FF2AFBF00D18AFC /* Profile */ = {
			isa = PBXGroup;
			children = (
				52A7CCA51FB9F855000C65E4 /* ProfileViewController.swift */,
			);
			path = Profile;
			sourceTree = "<group>";
		};
		529017531FD59FF800491227 /* Models */ = {
			isa = PBXGroup;
			children = (
				52C3C47F1FC3301F007DF5A5 /* User.swift */,
				52C3C4811FC332F8007DF5A5 /* Job.swift */,
				52C3C4831FC337A2007DF5A5 /* Application.swift */,
				52ADD3F21FE9B7E2002B8840 /* CurrentUser.swift */,
			);
			path = Models;
			sourceTree = "<group>";
		};
		52A7CC951FB9F855000C65E4 = {
			isa = PBXGroup;
			children = (
				6BA3E3E32003DD1E00DF215B /* GoogleService-Info.plist */,
				52A7CCA01FB9F855000C65E4 /* Jobs */,
				52A7CCB71FB9F855000C65E4 /* JobsTests */,
				52A7CCC21FB9F855000C65E4 /* JobsUITests */,
				52A7CC9F1FB9F855000C65E4 /* Products */,
				CC94E38ADD6AD5D84AC82FBD /* Pods */,
				93927F43E58AA9A79B0AE4AB /* Frameworks */,
			);
			sourceTree = "<group>";
		};
		52A7CC9F1FB9F855000C65E4 /* Products */ = {
			isa = PBXGroup;
			children = (
				52A7CC9E1FB9F855000C65E4 /* Jobs.app */,
				52A7CCB41FB9F855000C65E4 /* JobsTests.xctest */,
				52A7CCBF1FB9F855000C65E4 /* JobsUITests.xctest */,
			);
			name = Products;
			sourceTree = "<group>";
		};
		52A7CCA01FB9F855000C65E4 /* Jobs */ = {
			isa = PBXGroup;
			children = (
				52ADD3F41FE9BCA8002B8840 /* Scenes */,
				52ADD3EE1FE9B369002B8840 /* Data Access */,
				521E86B71FE82CD500855D34 /* Constants */,
				521E86B41FE8287100855D34 /* Logic */,
				529017531FD59FF800491227 /* Models */,
				52A7CCA11FB9F855000C65E4 /* AppDelegate.swift */,
				52A7CCA31FB9F855000C65E4 /* FirstViewController.swift */,
				52A7CCA71FB9F855000C65E4 /* Main.storyboard */,
				52A7CCAA1FB9F855000C65E4 /* Assets.xcassets */,
				52A7CCAC1FB9F855000C65E4 /* LaunchScreen.storyboard */,
				52A7CCAF1FB9F855000C65E4 /* Info.plist */,
				527E7E1C2003D76900B44C29 /* hr.storyboard */,
			);
			path = Jobs;
			sourceTree = "<group>";
		};
		52A7CCB71FB9F855000C65E4 /* JobsTests */ = {
			isa = PBXGroup;
			children = (
				52A7CCB81FB9F855000C65E4 /* JobsTests.swift */,
				52A7CCBA1FB9F855000C65E4 /* Info.plist */,
			);
			path = JobsTests;
			sourceTree = "<group>";
		};
		52A7CCC21FB9F855000C65E4 /* JobsUITests */ = {
			isa = PBXGroup;
			children = (
				52A7CCC31FB9F855000C65E4 /* JobsUITests.swift */,
				52A7CCC51FB9F855000C65E4 /* Info.plist */,
			);
			path = JobsUITests;
			sourceTree = "<group>";
		};
		52ADD3EE1FE9B369002B8840 /* Data Access */ = {
			isa = PBXGroup;
			children = (
				52ADD3EF1FE9B37D002B8840 /* Persistence */,
			);
			path = "Data Access";
			sourceTree = "<group>";
		};
		52ADD3EF1FE9B37D002B8840 /* Persistence */ = {
			isa = PBXGroup;
			children = (
				52ADD3F01FE9B39D002B8840 /* KeychainManager.swift */,
			);
			path = Persistence;
			sourceTree = "<group>";
		};
		52ADD3F41FE9BCA8002B8840 /* Scenes */ = {
			isa = PBXGroup;
			children = (
				6BE88B292003E79800A7C499 /* humanResources */,
				526A19281FF2AFBF00D18AFC /* Profile */,
				522873331FEDA17800A83401 /* JobSearch */,
				52C3C4851FC33BE8007DF5A5 /* LoginController.swift */,
			);
			path = Scenes;
			sourceTree = "<group>";
		};
		6BE88B292003E79800A7C499 /* humanResources */ = {
			isa = PBXGroup;
			children = (
				6B2640082005732500EF7B25 /* JobsCreatedController.swift */,
				6B28A010200A9981009C3584 /* NewJobCreationController.swift */,
				6B13620C200AC84A004467D7 /* ApplicantsController.swift */,
				6B136212200BD849004467D7 /* CandidateProgressController.swift */,
			);
			path = humanResources;
			sourceTree = "<group>";
		};
		6BE88B2C2003EC5100A7C499 /* humanResources */ = {
			isa = PBXGroup;
			children = (
				6BE88B2D2003EC9200A7C499 /* JobsCreatedLogic.swift */,
				6BE88B2F2003EEE800A7C499 /* JobCreatedDto.swift */,
				6B13620E200BD19B004467D7 /* ApplicantsLogic.swift */,
				6B136210200BD23F004467D7 /* ApplicantDto.swift */,
				6B49D367200C239400D203B7 /* CandidateProgressLogic.swift */,
				6B49D369200C24DB00D203B7 /* MilestoneDto.swift */,
			);
			path = humanResources;
			sourceTree = "<group>";
		};
		93927F43E58AA9A79B0AE4AB /* Frameworks */ = {
			isa = PBXGroup;
			children = (
				503E68B1BD2F2D2FB8356EA6 /* Pods_Jobs.framework */,
				4804B51661032C5FC44ECCEF /* Pods_JobsTests.framework */,
				101216836C971A4EA8D2B9D5 /* Pods_JobsUITests.framework */,
			);
			name = Frameworks;
			sourceTree = "<group>";
		};
		CC94E38ADD6AD5D84AC82FBD /* Pods */ = {
			isa = PBXGroup;
			children = (
				F55DDEC06F61FD404579F5DA /* Pods-Jobs.debug.xcconfig */,
				84EFA2E36E2DD13764F35173 /* Pods-Jobs.release.xcconfig */,
				B3EDD7D3287661EF73A160B6 /* Pods-JobsTests.debug.xcconfig */,
				77FE585C0317176EE9A3529D /* Pods-JobsTests.release.xcconfig */,
				CCC56EA1F06A963643631F47 /* Pods-JobsUITests.debug.xcconfig */,
				EE34D29FE12DA44C851FDA8E /* Pods-JobsUITests.release.xcconfig */,
			);
			name = Pods;
			sourceTree = "<group>";
		};
/* End PBXGroup section */

/* Begin PBXNativeTarget section */
		52A7CC9D1FB9F855000C65E4 /* Jobs */ = {
			isa = PBXNativeTarget;
			buildConfigurationList = 52A7CCC81FB9F855000C65E4 /* Build configuration list for PBXNativeTarget "Jobs" */;
			buildPhases = (
				7BE59C85C45376A4B657D8CF /* [CP] Check Pods Manifest.lock */,
				52A7CC9A1FB9F855000C65E4 /* Sources */,
				52A7CC9B1FB9F855000C65E4 /* Frameworks */,
				52A7CC9C1FB9F855000C65E4 /* Resources */,
				0C579B93E1FC35B9F1ABE94F /* [CP] Embed Pods Frameworks */,
				F458A6CB7D2EA5307F81A009 /* [CP] Copy Pods Resources */,
			);
			buildRules = (
			);
			dependencies = (
			);
			name = Jobs;
			productName = Jobs;
			productReference = 52A7CC9E1FB9F855000C65E4 /* Jobs.app */;
			productType = "com.apple.product-type.application";
		};
		52A7CCB31FB9F855000C65E4 /* JobsTests */ = {
			isa = PBXNativeTarget;
			buildConfigurationList = 52A7CCCB1FB9F855000C65E4 /* Build configuration list for PBXNativeTarget "JobsTests" */;
			buildPhases = (
				B38C6DE734A4A7C912A2C182 /* [CP] Check Pods Manifest.lock */,
				52A7CCB01FB9F855000C65E4 /* Sources */,
				52A7CCB11FB9F855000C65E4 /* Frameworks */,
				52A7CCB21FB9F855000C65E4 /* Resources */,
				C232B0C4A38B3AD2455AA668 /* [CP] Embed Pods Frameworks */,
				B7C296000BBF95936E5CEB26 /* [CP] Copy Pods Resources */,
			);
			buildRules = (
			);
			dependencies = (
				52A7CCB61FB9F855000C65E4 /* PBXTargetDependency */,
			);
			name = JobsTests;
			productName = JobsTests;
			productReference = 52A7CCB41FB9F855000C65E4 /* JobsTests.xctest */;
			productType = "com.apple.product-type.bundle.unit-test";
		};
		52A7CCBE1FB9F855000C65E4 /* JobsUITests */ = {
			isa = PBXNativeTarget;
			buildConfigurationList = 52A7CCCE1FB9F855000C65E4 /* Build configuration list for PBXNativeTarget "JobsUITests" */;
			buildPhases = (
				26568273698B1C85B7F276E2 /* [CP] Check Pods Manifest.lock */,
				52A7CCBB1FB9F855000C65E4 /* Sources */,
				52A7CCBC1FB9F855000C65E4 /* Frameworks */,
				52A7CCBD1FB9F855000C65E4 /* Resources */,
				7717022E1D230CB1108D3641 /* [CP] Embed Pods Frameworks */,
				EFE7605422BCB05ED046CDCA /* [CP] Copy Pods Resources */,
			);
			buildRules = (
			);
			dependencies = (
				52A7CCC11FB9F855000C65E4 /* PBXTargetDependency */,
			);
			name = JobsUITests;
			productName = JobsUITests;
			productReference = 52A7CCBF1FB9F855000C65E4 /* JobsUITests.xctest */;
			productType = "com.apple.product-type.bundle.ui-testing";
		};
/* End PBXNativeTarget section */

/* Begin PBXProject section */
		52A7CC961FB9F855000C65E4 /* Project object */ = {
			isa = PBXProject;
			attributes = {
				LastSwiftUpdateCheck = 0900;
				LastUpgradeCheck = 0900;
				ORGANIZATIONNAME = "Attila Blenesi";
				TargetAttributes = {
					52A7CC9D1FB9F855000C65E4 = {
						CreatedOnToolsVersion = 9.0.1;
						ProvisioningStyle = Automatic;
					};
					52A7CCB31FB9F855000C65E4 = {
						CreatedOnToolsVersion = 9.0.1;
						ProvisioningStyle = Automatic;
						TestTargetID = 52A7CC9D1FB9F855000C65E4;
					};
					52A7CCBE1FB9F855000C65E4 = {
						CreatedOnToolsVersion = 9.0.1;
						ProvisioningStyle = Automatic;
						TestTargetID = 52A7CC9D1FB9F855000C65E4;
					};
				};
			};
			buildConfigurationList = 52A7CC991FB9F855000C65E4 /* Build configuration list for PBXProject "Jobs" */;
			compatibilityVersion = "Xcode 8.0";
			developmentRegion = en;
			hasScannedForEncodings = 0;
			knownRegions = (
				en,
				Base,
			);
			mainGroup = 52A7CC951FB9F855000C65E4;
			productRefGroup = 52A7CC9F1FB9F855000C65E4 /* Products */;
			projectDirPath = "";
			projectRoot = "";
			targets = (
				52A7CC9D1FB9F855000C65E4 /* Jobs */,
				52A7CCB31FB9F855000C65E4 /* JobsTests */,
				52A7CCBE1FB9F855000C65E4 /* JobsUITests */,
			);
		};
/* End PBXProject section */

/* Begin PBXResourcesBuildPhase section */
		52A7CC9C1FB9F855000C65E4 /* Resources */ = {
			isa = PBXResourcesBuildPhase;
			buildActionMask = 2147483647;
			files = (
				52A7CCAE1FB9F855000C65E4 /* LaunchScreen.storyboard in Resources */,
				6BA3E3E42003DD1E00DF215B /* GoogleService-Info.plist in Resources */,
				527E7E1D2003D76900B44C29 /* hr.storyboard in Resources */,
				52A7CCAB1FB9F855000C65E4 /* Assets.xcassets in Resources */,
				52A7CCA91FB9F855000C65E4 /* Main.storyboard in Resources */,
			);
			runOnlyForDeploymentPostprocessing = 0;
		};
		52A7CCB21FB9F855000C65E4 /* Resources */ = {
			isa = PBXResourcesBuildPhase;
			buildActionMask = 2147483647;
			files = (
			);
			runOnlyForDeploymentPostprocessing = 0;
		};
		52A7CCBD1FB9F855000C65E4 /* Resources */ = {
			isa = PBXResourcesBuildPhase;
			buildActionMask = 2147483647;
			files = (
			);
			runOnlyForDeploymentPostprocessing = 0;
		};
/* End PBXResourcesBuildPhase section */

/* Begin PBXShellScriptBuildPhase section */
		0C579B93E1FC35B9F1ABE94F /* [CP] Embed Pods Frameworks */ = {
			isa = PBXShellScriptBuildPhase;
			buildActionMask = 2147483647;
			files = (
			);
			inputPaths = (
				"${SRCROOT}/Pods/Target Support Files/Pods-Jobs/Pods-Jobs-frameworks.sh",
				"${BUILT_PRODUCTS_DIR}/GTMOAuth2/GTMOAuth2.framework",
				"${BUILT_PRODUCTS_DIR}/GTMSessionFetcher/GTMSessionFetcher.framework",
				"${BUILT_PRODUCTS_DIR}/GoogleToolboxForMac/GoogleToolboxForMac.framework",
				"${BUILT_PRODUCTS_DIR}/KeychainSwift/KeychainSwift.framework",
				"${BUILT_PRODUCTS_DIR}/Kingfisher/Kingfisher.framework",
				"${BUILT_PRODUCTS_DIR}/nanopb/nanopb.framework",
			);
			name = "[CP] Embed Pods Frameworks";
			outputPaths = (
				"${TARGET_BUILD_DIR}/${FRAMEWORKS_FOLDER_PATH}/GTMOAuth2.framework",
				"${TARGET_BUILD_DIR}/${FRAMEWORKS_FOLDER_PATH}/GTMSessionFetcher.framework",
				"${TARGET_BUILD_DIR}/${FRAMEWORKS_FOLDER_PATH}/GoogleToolboxForMac.framework",
				"${TARGET_BUILD_DIR}/${FRAMEWORKS_FOLDER_PATH}/KeychainSwift.framework",
				"${TARGET_BUILD_DIR}/${FRAMEWORKS_FOLDER_PATH}/Kingfisher.framework",
				"${TARGET_BUILD_DIR}/${FRAMEWORKS_FOLDER_PATH}/nanopb.framework",
			);
			runOnlyForDeploymentPostprocessing = 0;
			shellPath = /bin/sh;
			shellScript = "\"${SRCROOT}/Pods/Target Support Files/Pods-Jobs/Pods-Jobs-frameworks.sh\"\n";
			showEnvVarsInLog = 0;
		};
		26568273698B1C85B7F276E2 /* [CP] Check Pods Manifest.lock */ = {
			isa = PBXShellScriptBuildPhase;
			buildActionMask = 2147483647;
			files = (
			);
			inputPaths = (
				"${PODS_PODFILE_DIR_PATH}/Podfile.lock",
				"${PODS_ROOT}/Manifest.lock",
			);
			name = "[CP] Check Pods Manifest.lock";
			outputPaths = (
				"$(DERIVED_FILE_DIR)/Pods-JobsUITests-checkManifestLockResult.txt",
			);
			runOnlyForDeploymentPostprocessing = 0;
			shellPath = /bin/sh;
			shellScript = "diff \"${PODS_PODFILE_DIR_PATH}/Podfile.lock\" \"${PODS_ROOT}/Manifest.lock\" > /dev/null\nif [ $? != 0 ] ; then\n    # print error to STDERR\n    echo \"error: The sandbox is not in sync with the Podfile.lock. Run 'pod install' or update your CocoaPods installation.\" >&2\n    exit 1\nfi\n# This output is used by Xcode 'outputs' to avoid re-running this script phase.\necho \"SUCCESS\" > \"${SCRIPT_OUTPUT_FILE_0}\"\n";
			showEnvVarsInLog = 0;
		};
		7717022E1D230CB1108D3641 /* [CP] Embed Pods Frameworks */ = {
			isa = PBXShellScriptBuildPhase;
			buildActionMask = 2147483647;
			files = (
			);
			inputPaths = (
			);
			name = "[CP] Embed Pods Frameworks";
			outputPaths = (
			);
			runOnlyForDeploymentPostprocessing = 0;
			shellPath = /bin/sh;
			shellScript = "\"${SRCROOT}/Pods/Target Support Files/Pods-JobsUITests/Pods-JobsUITests-frameworks.sh\"\n";
			showEnvVarsInLog = 0;
		};
		7BE59C85C45376A4B657D8CF /* [CP] Check Pods Manifest.lock */ = {
			isa = PBXShellScriptBuildPhase;
			buildActionMask = 2147483647;
			files = (
			);
			inputPaths = (
				"${PODS_PODFILE_DIR_PATH}/Podfile.lock",
				"${PODS_ROOT}/Manifest.lock",
			);
			name = "[CP] Check Pods Manifest.lock";
			outputPaths = (
				"$(DERIVED_FILE_DIR)/Pods-Jobs-checkManifestLockResult.txt",
			);
			runOnlyForDeploymentPostprocessing = 0;
			shellPath = /bin/sh;
			shellScript = "diff \"${PODS_PODFILE_DIR_PATH}/Podfile.lock\" \"${PODS_ROOT}/Manifest.lock\" > /dev/null\nif [ $? != 0 ] ; then\n    # print error to STDERR\n    echo \"error: The sandbox is not in sync with the Podfile.lock. Run 'pod install' or update your CocoaPods installation.\" >&2\n    exit 1\nfi\n# This output is used by Xcode 'outputs' to avoid re-running this script phase.\necho \"SUCCESS\" > \"${SCRIPT_OUTPUT_FILE_0}\"\n";
			showEnvVarsInLog = 0;
		};
		B38C6DE734A4A7C912A2C182 /* [CP] Check Pods Manifest.lock */ = {
			isa = PBXShellScriptBuildPhase;
			buildActionMask = 2147483647;
			files = (
			);
			inputPaths = (
				"${PODS_PODFILE_DIR_PATH}/Podfile.lock",
				"${PODS_ROOT}/Manifest.lock",
			);
			name = "[CP] Check Pods Manifest.lock";
			outputPaths = (
				"$(DERIVED_FILE_DIR)/Pods-JobsTests-checkManifestLockResult.txt",
			);
			runOnlyForDeploymentPostprocessing = 0;
			shellPath = /bin/sh;
			shellScript = "diff \"${PODS_PODFILE_DIR_PATH}/Podfile.lock\" \"${PODS_ROOT}/Manifest.lock\" > /dev/null\nif [ $? != 0 ] ; then\n    # print error to STDERR\n    echo \"error: The sandbox is not in sync with the Podfile.lock. Run 'pod install' or update your CocoaPods installation.\" >&2\n    exit 1\nfi\n# This output is used by Xcode 'outputs' to avoid re-running this script phase.\necho \"SUCCESS\" > \"${SCRIPT_OUTPUT_FILE_0}\"\n";
			showEnvVarsInLog = 0;
		};
		B7C296000BBF95936E5CEB26 /* [CP] Copy Pods Resources */ = {
			isa = PBXShellScriptBuildPhase;
			buildActionMask = 2147483647;
			files = (
			);
			inputPaths = (
			);
			name = "[CP] Copy Pods Resources";
			outputPaths = (
			);
			runOnlyForDeploymentPostprocessing = 0;
			shellPath = /bin/sh;
			shellScript = "\"${SRCROOT}/Pods/Target Support Files/Pods-JobsTests/Pods-JobsTests-resources.sh\"\n";
			showEnvVarsInLog = 0;
		};
		C232B0C4A38B3AD2455AA668 /* [CP] Embed Pods Frameworks */ = {
			isa = PBXShellScriptBuildPhase;
			buildActionMask = 2147483647;
			files = (
			);
			inputPaths = (
			);
			name = "[CP] Embed Pods Frameworks";
			outputPaths = (
			);
			runOnlyForDeploymentPostprocessing = 0;
			shellPath = /bin/sh;
			shellScript = "\"${SRCROOT}/Pods/Target Support Files/Pods-JobsTests/Pods-JobsTests-frameworks.sh\"\n";
			showEnvVarsInLog = 0;
		};
		EFE7605422BCB05ED046CDCA /* [CP] Copy Pods Resources */ = {
			isa = PBXShellScriptBuildPhase;
			buildActionMask = 2147483647;
			files = (
			);
			inputPaths = (
			);
			name = "[CP] Copy Pods Resources";
			outputPaths = (
			);
			runOnlyForDeploymentPostprocessing = 0;
			shellPath = /bin/sh;
			shellScript = "\"${SRCROOT}/Pods/Target Support Files/Pods-JobsUITests/Pods-JobsUITests-resources.sh\"\n";
			showEnvVarsInLog = 0;
		};
		F458A6CB7D2EA5307F81A009 /* [CP] Copy Pods Resources */ = {
			isa = PBXShellScriptBuildPhase;
			buildActionMask = 2147483647;
			files = (
			);
			inputPaths = (
				"${SRCROOT}/Pods/Target Support Files/Pods-Jobs/Pods-Jobs-resources.sh",
				$PODS_CONFIGURATION_BUILD_DIR/FirebaseUI/FirebaseAuthUI.bundle,
				$PODS_CONFIGURATION_BUILD_DIR/FirebaseUI/FirebaseGoogleAuthUI.bundle,
				"${PODS_ROOT}/GoogleSignIn/Resources/GoogleSignIn.bundle",
			);
			name = "[CP] Copy Pods Resources";
			outputPaths = (
				"${TARGET_BUILD_DIR}/${UNLOCALIZED_RESOURCES_FOLDER_PATH}",
			);
			runOnlyForDeploymentPostprocessing = 0;
			shellPath = /bin/sh;
			shellScript = "\"${SRCROOT}/Pods/Target Support Files/Pods-Jobs/Pods-Jobs-resources.sh\"\n";
			showEnvVarsInLog = 0;
		};
/* End PBXShellScriptBuildPhase section */

/* Begin PBXSourcesBuildPhase section */
		52A7CC9A1FB9F855000C65E4 /* Sources */ = {
			isa = PBXSourcesBuildPhase;
			buildActionMask = 2147483647;
			files = (
				6B49D368200C239400D203B7 /* CandidateProgressLogic.swift in Sources */,
				52C3C4841FC337A2007DF5A5 /* Application.swift in Sources */,
				52C3C4801FC3301F007DF5A5 /* User.swift in Sources */,
				52ADD3F31FE9B7E2002B8840 /* CurrentUser.swift in Sources */,
				521E86B61FE8288B00855D34 /* GoogleSignInService.swift in Sources */,
				52A7CCA61FB9F855000C65E4 /* ProfileViewController.swift in Sources */,
				6B49D36A200C24DB00D203B7 /* MilestoneDto.swift in Sources */,
				521E86B91FE82D0500855D34 /* NSNotification.Name.swift in Sources */,
				6BE88B2E2003EC9200A7C499 /* JobsCreatedLogic.swift in Sources */,
				6B28A011200A9981009C3584 /* NewJobCreationController.swift in Sources */,
				6B13620D200AC84A004467D7 /* ApplicantsController.swift in Sources */,
				52A7CCA21FB9F855000C65E4 /* AppDelegate.swift in Sources */,
				52A7CCA41FB9F855000C65E4 /* FirstViewController.swift in Sources */,
				6B136211200BD23F004467D7 /* ApplicantDto.swift in Sources */,
				6BE88B302003EEE800A7C499 /* JobCreatedDto.swift in Sources */,
				522873351FEDA1B600A83401 /* JobSearchViewController.swift in Sources */,
				6B136213200BD849004467D7 /* CandidateProgressController.swift in Sources */,
				52C3C4821FC332F8007DF5A5 /* Job.swift in Sources */,
				52C3C4861FC33BE8007DF5A5 /* LoginController.swift in Sources */,
				6B2640092005732600EF7B25 /* JobsCreatedController.swift in Sources */,
				52ADD3F11FE9B39D002B8840 /* KeychainManager.swift in Sources */,
				6B13620F200BD19B004467D7 /* ApplicantsLogic.swift in Sources */,
			);
			runOnlyForDeploymentPostprocessing = 0;
		};
		52A7CCB01FB9F855000C65E4 /* Sources */ = {
			isa = PBXSourcesBuildPhase;
			buildActionMask = 2147483647;
			files = (
				52A7CCB91FB9F855000C65E4 /* JobsTests.swift in Sources */,
			);
			runOnlyForDeploymentPostprocessing = 0;
		};
		52A7CCBB1FB9F855000C65E4 /* Sources */ = {
			isa = PBXSourcesBuildPhase;
			buildActionMask = 2147483647;
			files = (
				52A7CCC41FB9F855000C65E4 /* JobsUITests.swift in Sources */,
			);
			runOnlyForDeploymentPostprocessing = 0;
		};
/* End PBXSourcesBuildPhase section */

/* Begin PBXTargetDependency section */
		52A7CCB61FB9F855000C65E4 /* PBXTargetDependency */ = {
			isa = PBXTargetDependency;
			target = 52A7CC9D1FB9F855000C65E4 /* Jobs */;
			targetProxy = 52A7CCB51FB9F855000C65E4 /* PBXContainerItemProxy */;
		};
		52A7CCC11FB9F855000C65E4 /* PBXTargetDependency */ = {
			isa = PBXTargetDependency;
			target = 52A7CC9D1FB9F855000C65E4 /* Jobs */;
			targetProxy = 52A7CCC01FB9F855000C65E4 /* PBXContainerItemProxy */;
		};
/* End PBXTargetDependency section */

/* Begin PBXVariantGroup section */
		52A7CCA71FB9F855000C65E4 /* Main.storyboard */ = {
			isa = PBXVariantGroup;
			children = (
				52A7CCA81FB9F855000C65E4 /* Base */,
			);
			name = Main.storyboard;
			sourceTree = "<group>";
		};
		52A7CCAC1FB9F855000C65E4 /* LaunchScreen.storyboard */ = {
			isa = PBXVariantGroup;
			children = (
				52A7CCAD1FB9F855000C65E4 /* Base */,
			);
			name = LaunchScreen.storyboard;
			sourceTree = "<group>";
		};
/* End PBXVariantGroup section */

/* Begin XCBuildConfiguration section */
		52A7CCC61FB9F855000C65E4 /* Debug */ = {
			isa = XCBuildConfiguration;
			buildSettings = {
				ALWAYS_SEARCH_USER_PATHS = NO;
				CLANG_ANALYZER_NONNULL = YES;
				CLANG_ANALYZER_NUMBER_OBJECT_CONVERSION = YES_AGGRESSIVE;
				CLANG_CXX_LANGUAGE_STANDARD = "gnu++14";
				CLANG_CXX_LIBRARY = "libc++";
				CLANG_ENABLE_MODULES = YES;
				CLANG_ENABLE_OBJC_ARC = YES;
				CLANG_WARN_BLOCK_CAPTURE_AUTORELEASING = YES;
				CLANG_WARN_BOOL_CONVERSION = YES;
				CLANG_WARN_COMMA = YES;
				CLANG_WARN_CONSTANT_CONVERSION = YES;
				CLANG_WARN_DIRECT_OBJC_ISA_USAGE = YES_ERROR;
				CLANG_WARN_DOCUMENTATION_COMMENTS = YES;
				CLANG_WARN_EMPTY_BODY = YES;
				CLANG_WARN_ENUM_CONVERSION = YES;
				CLANG_WARN_INFINITE_RECURSION = YES;
				CLANG_WARN_INT_CONVERSION = YES;
				CLANG_WARN_NON_LITERAL_NULL_CONVERSION = YES;
				CLANG_WARN_OBJC_LITERAL_CONVERSION = YES;
				CLANG_WARN_OBJC_ROOT_CLASS = YES_ERROR;
				CLANG_WARN_RANGE_LOOP_ANALYSIS = YES;
				CLANG_WARN_STRICT_PROTOTYPES = YES;
				CLANG_WARN_SUSPICIOUS_MOVE = YES;
				CLANG_WARN_UNGUARDED_AVAILABILITY = YES_AGGRESSIVE;
				CLANG_WARN_UNREACHABLE_CODE = YES;
				CLANG_WARN__DUPLICATE_METHOD_MATCH = YES;
				CODE_SIGN_IDENTITY = "iPhone Developer";
				COPY_PHASE_STRIP = NO;
				DEBUG_INFORMATION_FORMAT = dwarf;
				ENABLE_STRICT_OBJC_MSGSEND = YES;
				ENABLE_TESTABILITY = YES;
				GCC_C_LANGUAGE_STANDARD = gnu11;
				GCC_DYNAMIC_NO_PIC = NO;
				GCC_NO_COMMON_BLOCKS = YES;
				GCC_OPTIMIZATION_LEVEL = 0;
				GCC_PREPROCESSOR_DEFINITIONS = (
					"DEBUG=1",
					"$(inherited)",
				);
				GCC_WARN_64_TO_32_BIT_CONVERSION = YES;
				GCC_WARN_ABOUT_RETURN_TYPE = YES_ERROR;
				GCC_WARN_UNDECLARED_SELECTOR = YES;
				GCC_WARN_UNINITIALIZED_AUTOS = YES_AGGRESSIVE;
				GCC_WARN_UNUSED_FUNCTION = YES;
				GCC_WARN_UNUSED_VARIABLE = YES;
				IPHONEOS_DEPLOYMENT_TARGET = 11.0;
				MTL_ENABLE_DEBUG_INFO = YES;
				ONLY_ACTIVE_ARCH = YES;
				SDKROOT = iphoneos;
				SWIFT_ACTIVE_COMPILATION_CONDITIONS = DEBUG;
				SWIFT_OPTIMIZATION_LEVEL = "-Onone";
			};
			name = Debug;
		};
		52A7CCC71FB9F855000C65E4 /* Release */ = {
			isa = XCBuildConfiguration;
			buildSettings = {
				ALWAYS_SEARCH_USER_PATHS = NO;
				CLANG_ANALYZER_NONNULL = YES;
				CLANG_ANALYZER_NUMBER_OBJECT_CONVERSION = YES_AGGRESSIVE;
				CLANG_CXX_LANGUAGE_STANDARD = "gnu++14";
				CLANG_CXX_LIBRARY = "libc++";
				CLANG_ENABLE_MODULES = YES;
				CLANG_ENABLE_OBJC_ARC = YES;
				CLANG_WARN_BLOCK_CAPTURE_AUTORELEASING = YES;
				CLANG_WARN_BOOL_CONVERSION = YES;
				CLANG_WARN_COMMA = YES;
				CLANG_WARN_CONSTANT_CONVERSION = YES;
				CLANG_WARN_DIRECT_OBJC_ISA_USAGE = YES_ERROR;
				CLANG_WARN_DOCUMENTATION_COMMENTS = YES;
				CLANG_WARN_EMPTY_BODY = YES;
				CLANG_WARN_ENUM_CONVERSION = YES;
				CLANG_WARN_INFINITE_RECURSION = YES;
				CLANG_WARN_INT_CONVERSION = YES;
				CLANG_WARN_NON_LITERAL_NULL_CONVERSION = YES;
				CLANG_WARN_OBJC_LITERAL_CONVERSION = YES;
				CLANG_WARN_OBJC_ROOT_CLASS = YES_ERROR;
				CLANG_WARN_RANGE_LOOP_ANALYSIS = YES;
				CLANG_WARN_STRICT_PROTOTYPES = YES;
				CLANG_WARN_SUSPICIOUS_MOVE = YES;
				CLANG_WARN_UNGUARDED_AVAILABILITY = YES_AGGRESSIVE;
				CLANG_WARN_UNREACHABLE_CODE = YES;
				CLANG_WARN__DUPLICATE_METHOD_MATCH = YES;
				CODE_SIGN_IDENTITY = "iPhone Developer";
				COPY_PHASE_STRIP = NO;
				DEBUG_INFORMATION_FORMAT = "dwarf-with-dsym";
				ENABLE_NS_ASSERTIONS = NO;
				ENABLE_STRICT_OBJC_MSGSEND = YES;
				GCC_C_LANGUAGE_STANDARD = gnu11;
				GCC_NO_COMMON_BLOCKS = YES;
				GCC_WARN_64_TO_32_BIT_CONVERSION = YES;
				GCC_WARN_ABOUT_RETURN_TYPE = YES_ERROR;
				GCC_WARN_UNDECLARED_SELECTOR = YES;
				GCC_WARN_UNINITIALIZED_AUTOS = YES_AGGRESSIVE;
				GCC_WARN_UNUSED_FUNCTION = YES;
				GCC_WARN_UNUSED_VARIABLE = YES;
				IPHONEOS_DEPLOYMENT_TARGET = 11.0;
				MTL_ENABLE_DEBUG_INFO = NO;
				SDKROOT = iphoneos;
				SWIFT_OPTIMIZATION_LEVEL = "-Owholemodule";
				VALIDATE_PRODUCT = YES;
			};
			name = Release;
		};
		52A7CCC91FB9F855000C65E4 /* Debug */ = {
			isa = XCBuildConfiguration;
			baseConfigurationReference = F55DDEC06F61FD404579F5DA /* Pods-Jobs.debug.xcconfig */;
			buildSettings = {
				ASSETCATALOG_COMPILER_APPICON_NAME = AppIcon;
				CODE_SIGN_STYLE = Automatic;
				INFOPLIST_FILE = Jobs/Info.plist;
				LD_RUNPATH_SEARCH_PATHS = "$(inherited) @executable_path/Frameworks";
				PRODUCT_BUNDLE_IDENTIFIER = edu.ubb.Jobs;
				PRODUCT_NAME = "$(TARGET_NAME)";
				SWIFT_VERSION = 4.0;
				TARGETED_DEVICE_FAMILY = "1,2";
			};
			name = Debug;
		};
		52A7CCCA1FB9F855000C65E4 /* Release */ = {
			isa = XCBuildConfiguration;
			baseConfigurationReference = 84EFA2E36E2DD13764F35173 /* Pods-Jobs.release.xcconfig */;
			buildSettings = {
				ASSETCATALOG_COMPILER_APPICON_NAME = AppIcon;
				CODE_SIGN_STYLE = Automatic;
				INFOPLIST_FILE = Jobs/Info.plist;
				LD_RUNPATH_SEARCH_PATHS = "$(inherited) @executable_path/Frameworks";
				PRODUCT_BUNDLE_IDENTIFIER = edu.ubb.Jobs;
				PRODUCT_NAME = "$(TARGET_NAME)";
				SWIFT_VERSION = 4.0;
				TARGETED_DEVICE_FAMILY = "1,2";
			};
			name = Release;
		};
		52A7CCCC1FB9F855000C65E4 /* Debug */ = {
			isa = XCBuildConfiguration;
			baseConfigurationReference = B3EDD7D3287661EF73A160B6 /* Pods-JobsTests.debug.xcconfig */;
			buildSettings = {
				ALWAYS_EMBED_SWIFT_STANDARD_LIBRARIES = YES;
				BUNDLE_LOADER = "$(TEST_HOST)";
				CODE_SIGN_STYLE = Automatic;
				INFOPLIST_FILE = JobsTests/Info.plist;
				LD_RUNPATH_SEARCH_PATHS = "$(inherited) @executable_path/Frameworks @loader_path/Frameworks";
				PRODUCT_BUNDLE_IDENTIFIER = edu.ubb.JobsTests;
				PRODUCT_NAME = "$(TARGET_NAME)";
				SWIFT_VERSION = 4.0;
				TARGETED_DEVICE_FAMILY = "1,2";
				TEST_HOST = "$(BUILT_PRODUCTS_DIR)/Jobs.app/Jobs";
			};
			name = Debug;
		};
		52A7CCCD1FB9F855000C65E4 /* Release */ = {
			isa = XCBuildConfiguration;
			baseConfigurationReference = 77FE585C0317176EE9A3529D /* Pods-JobsTests.release.xcconfig */;
			buildSettings = {
				ALWAYS_EMBED_SWIFT_STANDARD_LIBRARIES = YES;
				BUNDLE_LOADER = "$(TEST_HOST)";
				CODE_SIGN_STYLE = Automatic;
				INFOPLIST_FILE = JobsTests/Info.plist;
				LD_RUNPATH_SEARCH_PATHS = "$(inherited) @executable_path/Frameworks @loader_path/Frameworks";
				PRODUCT_BUNDLE_IDENTIFIER = edu.ubb.JobsTests;
				PRODUCT_NAME = "$(TARGET_NAME)";
				SWIFT_VERSION = 4.0;
				TARGETED_DEVICE_FAMILY = "1,2";
				TEST_HOST = "$(BUILT_PRODUCTS_DIR)/Jobs.app/Jobs";
			};
			name = Release;
		};
		52A7CCCF1FB9F855000C65E4 /* Debug */ = {
			isa = XCBuildConfiguration;
			baseConfigurationReference = CCC56EA1F06A963643631F47 /* Pods-JobsUITests.debug.xcconfig */;
			buildSettings = {
				ALWAYS_EMBED_SWIFT_STANDARD_LIBRARIES = YES;
				CODE_SIGN_STYLE = Automatic;
				INFOPLIST_FILE = JobsUITests/Info.plist;
				LD_RUNPATH_SEARCH_PATHS = "$(inherited) @executable_path/Frameworks @loader_path/Frameworks";
				PRODUCT_BUNDLE_IDENTIFIER = edu.ubb.JobsUITests;
				PRODUCT_NAME = "$(TARGET_NAME)";
				SWIFT_VERSION = 4.0;
				TARGETED_DEVICE_FAMILY = "1,2";
				TEST_TARGET_NAME = Jobs;
			};
			name = Debug;
		};
		52A7CCD01FB9F855000C65E4 /* Release */ = {
			isa = XCBuildConfiguration;
			baseConfigurationReference = EE34D29FE12DA44C851FDA8E /* Pods-JobsUITests.release.xcconfig */;
			buildSettings = {
				ALWAYS_EMBED_SWIFT_STANDARD_LIBRARIES = YES;
				CODE_SIGN_STYLE = Automatic;
				INFOPLIST_FILE = JobsUITests/Info.plist;
				LD_RUNPATH_SEARCH_PATHS = "$(inherited) @executable_path/Frameworks @loader_path/Frameworks";
				PRODUCT_BUNDLE_IDENTIFIER = edu.ubb.JobsUITests;
				PRODUCT_NAME = "$(TARGET_NAME)";
				SWIFT_VERSION = 4.0;
				TARGETED_DEVICE_FAMILY = "1,2";
				TEST_TARGET_NAME = Jobs;
			};
			name = Release;
		};
/* End XCBuildConfiguration section */

/* Begin XCConfigurationList section */
		52A7CC991FB9F855000C65E4 /* Build configuration list for PBXProject "Jobs" */ = {
			isa = XCConfigurationList;
			buildConfigurations = (
				52A7CCC61FB9F855000C65E4 /* Debug */,
				52A7CCC71FB9F855000C65E4 /* Release */,
			);
			defaultConfigurationIsVisible = 0;
			defaultConfigurationName = Release;
		};
		52A7CCC81FB9F855000C65E4 /* Build configuration list for PBXNativeTarget "Jobs" */ = {
			isa = XCConfigurationList;
			buildConfigurations = (
				52A7CCC91FB9F855000C65E4 /* Debug */,
				52A7CCCA1FB9F855000C65E4 /* Release */,
			);
			defaultConfigurationIsVisible = 0;
			defaultConfigurationName = Release;
		};
		52A7CCCB1FB9F855000C65E4 /* Build configuration list for PBXNativeTarget "JobsTests" */ = {
			isa = XCConfigurationList;
			buildConfigurations = (
				52A7CCCC1FB9F855000C65E4 /* Debug */,
				52A7CCCD1FB9F855000C65E4 /* Release */,
			);
			defaultConfigurationIsVisible = 0;
			defaultConfigurationName = Release;
		};
		52A7CCCE1FB9F855000C65E4 /* Build configuration list for PBXNativeTarget "JobsUITests" */ = {
			isa = XCConfigurationList;
			buildConfigurations = (
				52A7CCCF1FB9F855000C65E4 /* Debug */,
				52A7CCD01FB9F855000C65E4 /* Release */,
			);
			defaultConfigurationIsVisible = 0;
			defaultConfigurationName = Release;
		};
/* End XCConfigurationList section */
	};
	rootObject = 52A7CC961FB9F855000C65E4 /* Project object */;
}
